{
  "requires": true,
  "lockfileVersion": 1,
  "dependencies": {
    "date-and-time": {
      "version": "0.9.0",
      "resolved": "https://registry.npmjs.org/date-and-time/-/date-and-time-0.9.0.tgz",
      "integrity": "sha512-4JybB6PbR+EebpFx/KyR5Ybl+TcdXMLIJkyYsCx3P4M4CWGMuDyFF19yh6TyasMAIF5lrsgIxiSHBXh2FFc7Fg=="
    }
  }
}
